
Microsoft Visual Studio Solution File, Format Version 12.00
# Visual Studio 15
VisualStudioVersion = 15.0.26730.3
MinimumVisualStudioVersion = 10.0.40219.1
Project("{2150E333-8FDC-42A3-9474-1A3956D46DE8}") = "Web", "Web", "{67A7D5AB-E60E-4805-9FC6-C221528BAE48}"
EndProject
Project("{2150E333-8FDC-42A3-9474-1A3956D46DE8}") = "Serives", "Serives", "{F8796718-D780-47F4-B32D-D964849A0D74}"
EndProject
Project("{2150E333-8FDC-42A3-9474-1A3956D46DE8}") = "DataAccess", "DataAccess", "{75B6575C-4060-408E-AA92-41017CED1464}"
EndProject
Project("{FAE04EC0-301F-11D3-BF4B-00C04F79EFBC}") = "ProjectBlanket.Web", "src\ProjectBlanket.Web\ProjectBlanket.Web.csproj", "{C5AA3E95-0493-4C97-9154-0F73ED471715}"
EndProject
Project("{FAE04EC0-301F-11D3-BF4B-00C04F79EFBC}") = "ProjectBlanket.WebApi", "ProjectBlanket.WebApi\ProjectBlanket.WebApi\ProjectBlanket.WebApi.csproj", "{EC106658-296D-41F9-8D91-0AB5DFFC1177}"
EndProject
Project("{FAE04EC0-301F-11D3-BF4B-00C04F79EFBC}") = "ProjectBlanket.DataAccess", "src\ProjectBlanket.DataAccess\ProjectBlanket.DataAccess.csproj", "{0E77973E-799B-432B-A91C-A404B82E93AE}"
EndProject
Project("{FAE04EC0-301F-11D3-BF4B-00C04F79EFBC}") = "ProjectBlanket.DataAccess.Contracts", "src\ProjectBlanket.DataAccess.Contracts\ProjectBlanket.DataAccess.Contracts.csproj", "{B2000744-AE05-45E3-B821-B7BE516B015A}"
EndProject
Project("{FAE04EC0-301F-11D3-BF4B-00C04F79EFBC}") = "ProjectBlanket.DataAccess.Core", "src\ProjectBlanket.DataAccess.Core\ProjectBlanket.DataAccess.Core.csproj", "{2F54D936-05D9-48DB-A1CD-1D58FC7AD93C}"
EndProject
Project("{FAE04EC0-301F-11D3-BF4B-00C04F79EFBC}") = "ProjectBlanket.Service", "src\ProjectBlanket.Service\ProjectBlanket.Service.csproj", "{5AB623BB-2EEC-4E9E-A1C2-F4707437CFFE}"
EndProject
Project("{FAE04EC0-301F-11D3-BF4B-00C04F79EFBC}") = "ProjectBlanket.Service.Contracts", "src\ProjectBlanket.Service.Contracts\ProjectBlanket.Service.Contracts.csproj", "{66156243-1B53-4123-A01C-03F676C802A4}"
EndProject
Project("{2150E333-8FDC-42A3-9474-1A3956D46DE8}") = "Framework", "Framework", "{A6D8F4EF-2E49-450F-BC4A-73A832611308}"
EndProject
Project("{FAE04EC0-301F-11D3-BF4B-00C04F79EFBC}") = "ProjectBlanket.AutoMapper", "src\ProjectBlanket.AutoMapper\ProjectBlanket.AutoMapper.csproj", "{CE108998-7927-46CA-9214-5BFB771AC7D9}"
EndProject
Project("{FAE04EC0-301F-11D3-BF4B-00C04F79EFBC}") = "ProjectBlanket.DataAccess.Entities", "src\ProjectBlanket.DataAccess.Entities\ProjectBlanket.DataAccess.Entities.csproj", "{1B1580EC-E095-4466-BE5A-9EA3C5CC2441}"
EndProject
Global
	GlobalSection(SolutionConfigurationPlatforms) = preSolution
		Debug|Any CPU = Debug|Any CPU
		Release|Any CPU = Release|Any CPU
	EndGlobalSection
	GlobalSection(ProjectConfigurationPlatforms) = postSolution
		{C5AA3E95-0493-4C97-9154-0F73ED471715}.Debug|Any CPU.ActiveCfg = Debug|Any CPU
		{C5AA3E95-0493-4C97-9154-0F73ED471715}.Debug|Any CPU.Build.0 = Debug|Any CPU
		{C5AA3E95-0493-4C97-9154-0F73ED471715}.Release|Any CPU.ActiveCfg = Release|Any CPU
		{C5AA3E95-0493-4C97-9154-0F73ED471715}.Release|Any CPU.Build.0 = Release|Any CPU
		{EC106658-296D-41F9-8D91-0AB5DFFC1177}.Debug|Any CPU.ActiveCfg = Debug|Any CPU
		{EC106658-296D-41F9-8D91-0AB5DFFC1177}.Debug|Any CPU.Build.0 = Debug|Any CPU
		{EC106658-296D-41F9-8D91-0AB5DFFC1177}.Release|Any CPU.ActiveCfg = Release|Any CPU
		{EC106658-296D-41F9-8D91-0AB5DFFC1177}.Release|Any CPU.Build.0 = Release|Any CPU
		{0E77973E-799B-432B-A91C-A404B82E93AE}.Debug|Any CPU.ActiveCfg = Debug|Any CPU
		{0E77973E-799B-432B-A91C-A404B82E93AE}.Debug|Any CPU.Build.0 = Debug|Any CPU
		{0E77973E-799B-432B-A91C-A404B82E93AE}.Release|Any CPU.ActiveCfg = Release|Any CPU
		{0E77973E-799B-432B-A91C-A404B82E93AE}.Release|Any CPU.Build.0 = Release|Any CPU
		{B2000744-AE05-45E3-B821-B7BE516B015A}.Debug|Any CPU.ActiveCfg = Debug|Any CPU
		{B2000744-AE05-45E3-B821-B7BE516B015A}.Debug|Any CPU.Build.0 = Debug|Any CPU
		{B2000744-AE05-45E3-B821-B7BE516B015A}.Release|Any CPU.ActiveCfg = Release|Any CPU
		{B2000744-AE05-45E3-B821-B7BE516B015A}.Release|Any CPU.Build.0 = Release|Any CPU
		{2F54D936-05D9-48DB-A1CD-1D58FC7AD93C}.Debug|Any CPU.ActiveCfg = Debug|Any CPU
		{2F54D936-05D9-48DB-A1CD-1D58FC7AD93C}.Debug|Any CPU.Build.0 = Debug|Any CPU
		{2F54D936-05D9-48DB-A1CD-1D58FC7AD93C}.Release|Any CPU.ActiveCfg = Release|Any CPU
		{2F54D936-05D9-48DB-A1CD-1D58FC7AD93C}.Release|Any CPU.Build.0 = Release|Any CPU
		{5AB623BB-2EEC-4E9E-A1C2-F4707437CFFE}.Debug|Any CPU.ActiveCfg = Debug|Any CPU
		{5AB623BB-2EEC-4E9E-A1C2-F4707437CFFE}.Debug|Any CPU.Build.0 = Debug|Any CPU
		{5AB623BB-2EEC-4E9E-A1C2-F4707437CFFE}.Release|Any CPU.ActiveCfg = Release|Any CPU
		{5AB623BB-2EEC-4E9E-A1C2-F4707437CFFE}.Release|Any CPU.Build.0 = Release|Any CPU
		{66156243-1B53-4123-A01C-03F676C802A4}.Debug|Any CPU.ActiveCfg = Debug|Any CPU
		{66156243-1B53-4123-A01C-03F676C802A4}.Debug|Any CPU.Build.0 = Debug|Any CPU
		{66156243-1B53-4123-A01C-03F676C802A4}.Release|Any CPU.ActiveCfg = Release|Any CPU
		{66156243-1B53-4123-A01C-03F676C802A4}.Release|Any CPU.Build.0 = Release|Any CPU
		{CE108998-7927-46CA-9214-5BFB771AC7D9}.Debug|Any CPU.ActiveCfg = Debug|Any CPU
		{CE108998-7927-46CA-9214-5BFB771AC7D9}.Debug|Any CPU.Build.0 = Debug|Any CPU
		{CE108998-7927-46CA-9214-5BFB771AC7D9}.Release|Any CPU.ActiveCfg = Release|Any CPU
		{CE108998-7927-46CA-9214-5BFB771AC7D9}.Release|Any CPU.Build.0 = Release|Any CPU
		{1B1580EC-E095-4466-BE5A-9EA3C5CC2441}.Debug|Any CPU.ActiveCfg = Debug|Any CPU
		{1B1580EC-E095-4466-BE5A-9EA3C5CC2441}.Debug|Any CPU.Build.0 = Debug|Any CPU
		{1B1580EC-E095-4466-BE5A-9EA3C5CC2441}.Release|Any CPU.ActiveCfg = Release|Any CPU
		{1B1580EC-E095-4466-BE5A-9EA3C5CC2441}.Release|Any CPU.Build.0 = Release|Any CPU
	EndGlobalSection
	GlobalSection(SolutionProperties) = preSolution
		HideSolutionNode = FALSE
	EndGlobalSection
	GlobalSection(NestedProjects) = preSolution
		{C5AA3E95-0493-4C97-9154-0F73ED471715} = {67A7D5AB-E60E-4805-9FC6-C221528BAE48}
		{EC106658-296D-41F9-8D91-0AB5DFFC1177} = {67A7D5AB-E60E-4805-9FC6-C221528BAE48}
		{0E77973E-799B-432B-A91C-A404B82E93AE} = {75B6575C-4060-408E-AA92-41017CED1464}
		{B2000744-AE05-45E3-B821-B7BE516B015A} = {75B6575C-4060-408E-AA92-41017CED1464}
		{2F54D936-05D9-48DB-A1CD-1D58FC7AD93C} = {75B6575C-4060-408E-AA92-41017CED1464}
		{5AB623BB-2EEC-4E9E-A1C2-F4707437CFFE} = {F8796718-D780-47F4-B32D-D964849A0D74}
		{66156243-1B53-4123-A01C-03F676C802A4} = {F8796718-D780-47F4-B32D-D964849A0D74}
		{CE108998-7927-46CA-9214-5BFB771AC7D9} = {A6D8F4EF-2E49-450F-BC4A-73A832611308}
		{1B1580EC-E095-4466-BE5A-9EA3C5CC2441} = {75B6575C-4060-408E-AA92-41017CED1464}
	EndGlobalSection
	GlobalSection(ExtensibilityGlobals) = postSolution
		SolutionGuid = {78EF4328-024D-44D5-9AE1-4C4A6C844B3B}
	EndGlobalSection
EndGlobal
